// !$*UTF8*$!
{
	archiveVersion = 1;
	classes = {
	};
	objectVersion = 51;
	objects = {

/* Begin PBXBuildFile section */
		9E3538E93C0C77B5559EDEA5 /* Pods_IznajmiKniga.framework in Frameworks */ = {isa = PBXBuildFile; fileRef = DBAB5B352FA602788B0353F1 /* Pods_IznajmiKniga.framework */; };
		F4129F8725B1AF9800A11189 /* KnigiCollectionViewController.swift in Sources */ = {isa = PBXBuildFile; fileRef = F4129F8625B1AF9800A11189 /* KnigiCollectionViewController.swift */; };
		F4129F8925B1B4BC00A11189 /* IznajmuvanjaCitatelTableViewController.swift in Sources */ = {isa = PBXBuildFile; fileRef = F4129F8825B1B4BC00A11189 /* IznajmuvanjaCitatelTableViewController.swift */; };
		F4129F8B25B1B82B00A11189 /* DetaliZaKnigaViewController.swift in Sources */ = {isa = PBXBuildFile; fileRef = F4129F8A25B1B82B00A11189 /* DetaliZaKnigaViewController.swift */; };
		F4129F8D25B3044E00A11189 /* DodadiKnigaViewController.swift in Sources */ = {isa = PBXBuildFile; fileRef = F4129F8C25B3044E00A11189 /* DodadiKnigaViewController.swift */; };
		F4129F8F25B30E9000A11189 /* DetaliZaIznajmuvanjeViewController.swift in Sources */ = {isa = PBXBuildFile; fileRef = F4129F8E25B30E9000A11189 /* DetaliZaIznajmuvanjeViewController.swift */; };
		F4129F9125B5A36100A11189 /* ListaNasloviTableViewController.swift in Sources */ = {isa = PBXBuildFile; fileRef = F4129F9025B5A36100A11189 /* ListaNasloviTableViewController.swift */; };
		F4129F9325B6EDEA00A11189 /* KnigaCollectionViewCell.swift in Sources */ = {isa = PBXBuildFile; fileRef = F4129F9225B6EDEA00A11189 /* KnigaCollectionViewCell.swift */; };
		F42FBFCB25ADAACE00106681 /* AppDelegate.swift in Sources */ = {isa = PBXBuildFile; fileRef = F42FBFCA25ADAACE00106681 /* AppDelegate.swift */; };
		F42FBFCD25ADAACE00106681 /* ViewController.swift in Sources */ = {isa = PBXBuildFile; fileRef = F42FBFCC25ADAACE00106681 /* ViewController.swift */; };
		F42FBFD025ADAACE00106681 /* Main.storyboard in Resources */ = {isa = PBXBuildFile; fileRef = F42FBFCE25ADAACE00106681 /* Main.storyboard */; };
		F42FBFD225ADAADE00106681 /* Assets.xcassets in Resources */ = {isa = PBXBuildFile; fileRef = F42FBFD125ADAADE00106681 /* Assets.xcassets */; };
		F42FBFD525ADAADE00106681 /* LaunchScreen.storyboard in Resources */ = {isa = PBXBuildFile; fileRef = F42FBFD325ADAADE00106681 /* LaunchScreen.storyboard */; };
		F42FBFE725B05C0200106681 /* IznajmuvanjaBibliotekarTableViewController.swift in Sources */ = {isa = PBXBuildFile; fileRef = F42FBFE625B05C0200106681 /* IznajmuvanjaBibliotekarTableViewController.swift */; };
		F42FBFE925B05C8F00106681 /* ProfilCitatelViewController.swift in Sources */ = {isa = PBXBuildFile; fileRef = F42FBFE825B05C8F00106681 /* ProfilCitatelViewController.swift */; };
/* End PBXBuildFile section */

/* Begin PBXFileReference section */
		8CA3C676B2406372CD69A197 /* Pods-IznajmiKniga.release.xcconfig */ = {isa = PBXFileReference; includeInIndex = 1; lastKnownFileType = text.xcconfig; name = "Pods-IznajmiKniga.release.xcconfig"; path = "Target Support Files/Pods-IznajmiKniga/Pods-IznajmiKniga.release.xcconfig"; sourceTree = "<group>"; };
		D806D7D2CC11B32F57C8839B /* Pods-IznajmiKniga.debug.xcconfig */ = {isa = PBXFileReference; includeInIndex = 1; lastKnownFileType = text.xcconfig; name = "Pods-IznajmiKniga.debug.xcconfig"; path = "Target Support Files/Pods-IznajmiKniga/Pods-IznajmiKniga.debug.xcconfig"; sourceTree = "<group>"; };
		DBAB5B352FA602788B0353F1 /* Pods_IznajmiKniga.framework */ = {isa = PBXFileReference; explicitFileType = wrapper.framework; includeInIndex = 0; path = Pods_IznajmiKniga.framework; sourceTree = BUILT_PRODUCTS_DIR; };
		F4129F8625B1AF9800A11189 /* KnigiCollectionViewController.swift */ = {isa = PBXFileReference; lastKnownFileType = sourcecode.swift; path = KnigiCollectionViewController.swift; sourceTree = "<group>"; };
		F4129F8825B1B4BC00A11189 /* IznajmuvanjaCitatelTableViewController.swift */ = {isa = PBXFileReference; lastKnownFileType = sourcecode.swift; path = IznajmuvanjaCitatelTableViewController.swift; sourceTree = "<group>"; };
		F4129F8A25B1B82B00A11189 /* DetaliZaKnigaViewController.swift */ = {isa = PBXFileReference; lastKnownFileType = sourcecode.swift; path = DetaliZaKnigaViewController.swift; sourceTree = "<group>"; };
		F4129F8C25B3044E00A11189 /* DodadiKnigaViewController.swift */ = {isa = PBXFileReference; lastKnownFileType = sourcecode.swift; path = DodadiKnigaViewController.swift; sourceTree = "<group>"; };
		F4129F8E25B30E9000A11189 /* DetaliZaIznajmuvanjeViewController.swift */ = {isa = PBXFileReference; lastKnownFileType = sourcecode.swift; path = DetaliZaIznajmuvanjeViewController.swift; sourceTree = "<group>"; };
		F4129F9025B5A36100A11189 /* ListaNasloviTableViewController.swift */ = {isa = PBXFileReference; lastKnownFileType = sourcecode.swift; path = ListaNasloviTableViewController.swift; sourceTree = "<group>"; };
		F4129F9225B6EDEA00A11189 /* KnigaCollectionViewCell.swift */ = {isa = PBXFileReference; lastKnownFileType = sourcecode.swift; path = KnigaCollectionViewCell.swift; sourceTree = "<group>"; };
		F42FBFC725ADAACE00106681 /* IznajmiKniga.app */ = {isa = PBXFileReference; explicitFileType = wrapper.application; includeInIndex = 0; path = IznajmiKniga.app; sourceTree = BUILT_PRODUCTS_DIR; };
		F42FBFCA25ADAACE00106681 /* AppDelegate.swift */ = {isa = PBXFileReference; lastKnownFileType = sourcecode.swift; path = AppDelegate.swift; sourceTree = "<group>"; };
		F42FBFCC25ADAACE00106681 /* ViewController.swift */ = {isa = PBXFileReference; lastKnownFileType = sourcecode.swift; path = ViewController.swift; sourceTree = "<group>"; };
		F42FBFCF25ADAACE00106681 /* Base */ = {isa = PBXFileReference; lastKnownFileType = file.storyboard; name = Base; path = Base.lproj/Main.storyboard; sourceTree = "<group>"; };
		F42FBFD125ADAADE00106681 /* Assets.xcassets */ = {isa = PBXFileReference; lastKnownFileType = folder.assetcatalog; path = Assets.xcassets; sourceTree = "<group>"; };
		F42FBFD425ADAADE00106681 /* Base */ = {isa = PBXFileReference; lastKnownFileType = file.storyboard; name = Base; path = Base.lproj/LaunchScreen.storyboard; sourceTree = "<group>"; };
		F42FBFD625ADAADF00106681 /* Info.plist */ = {isa = PBXFileReference; lastKnownFileType = text.plist.xml; path = Info.plist; sourceTree = "<group>"; };
		F42FBFE625B05C0200106681 /* IznajmuvanjaBibliotekarTableViewController.swift */ = {isa = PBXFileReference; lastKnownFileType = sourcecode.swift; path = IznajmuvanjaBibliotekarTableViewController.swift; sourceTree = "<group>"; };
		F42FBFE825B05C8F00106681 /* ProfilCitatelViewController.swift */ = {isa = PBXFileReference; lastKnownFileType = sourcecode.swift; path = ProfilCitatelViewController.swift; sourceTree = "<group>"; };
/* End PBXFileReference section */

/* Begin PBXFrameworksBuildPhase section */
		F42FBFC425ADAACD00106681 /* Frameworks */ = {
			isa = PBXFrameworksBuildPhase;
			buildActionMask = 2147483647;
			files = (
				9E3538E93C0C77B5559EDEA5 /* Pods_IznajmiKniga.framework in Frameworks */,
			);
			runOnlyForDeploymentPostprocessing = 0;
		};
/* End PBXFrameworksBuildPhase section */

/* Begin PBXGroup section */
		A35E67A52BCA85015ED8E749 /* Frameworks */ = {
			isa = PBXGroup;
			children = (
				DBAB5B352FA602788B0353F1 /* Pods_IznajmiKniga.framework */,
			);
			name = Frameworks;
			sourceTree = "<group>";
		};
		C5C15D3630D42423C113D5CB /* Pods */ = {
			isa = PBXGroup;
			children = (
				D806D7D2CC11B32F57C8839B /* Pods-IznajmiKniga.debug.xcconfig */,
				8CA3C676B2406372CD69A197 /* Pods-IznajmiKniga.release.xcconfig */,
			);
			path = Pods;
			sourceTree = "<group>";
		};
		F42FBFBE25ADAACC00106681 = {
			isa = PBXGroup;
			children = (
				F42FBFC925ADAACE00106681 /* IznajmiKniga */,
				F42FBFC825ADAACE00106681 /* Products */,
				C5C15D3630D42423C113D5CB /* Pods */,
				A35E67A52BCA85015ED8E749 /* Frameworks */,
			);
			sourceTree = "<group>";
		};
		F42FBFC825ADAACE00106681 /* Products */ = {
			isa = PBXGroup;
			children = (
				F42FBFC725ADAACE00106681 /* IznajmiKniga.app */,
			);
			name = Products;
			sourceTree = "<group>";
		};
		F42FBFC925ADAACE00106681 /* IznajmiKniga */ = {
			isa = PBXGroup;
			children = (
				F42FBFE825B05C8F00106681 /* ProfilCitatelViewController.swift */,
				F42FBFCA25ADAACE00106681 /* AppDelegate.swift */,
				F42FBFCC25ADAACE00106681 /* ViewController.swift */,
				F42FBFCE25ADAACE00106681 /* Main.storyboard */,
				F4129F8C25B3044E00A11189 /* DodadiKnigaViewController.swift */,
				F4129F8E25B30E9000A11189 /* DetaliZaIznajmuvanjeViewController.swift */,
				F4129F8625B1AF9800A11189 /* KnigiCollectionViewController.swift */,
				F4129F9025B5A36100A11189 /* ListaNasloviTableViewController.swift */,
				F4129F9225B6EDEA00A11189 /* KnigaCollectionViewCell.swift */,
				F42FBFE625B05C0200106681 /* IznajmuvanjaBibliotekarTableViewController.swift */,
				F4129F8825B1B4BC00A11189 /* IznajmuvanjaCitatelTableViewController.swift */,
				F4129F8A25B1B82B00A11189 /* DetaliZaKnigaViewController.swift */,
				F42FBFD125ADAADE00106681 /* Assets.xcassets */,
				F42FBFD325ADAADE00106681 /* LaunchScreen.storyboard */,
				F42FBFD625ADAADF00106681 /* Info.plist */,
			);
			path = IznajmiKniga;
			sourceTree = "<group>";
		};
/* End PBXGroup section */

/* Begin PBXNativeTarget section */
		F42FBFC625ADAACD00106681 /* IznajmiKniga */ = {
			isa = PBXNativeTarget;
			buildConfigurationList = F42FBFD925ADAADF00106681 /* Build configuration list for PBXNativeTarget "IznajmiKniga" */;
			buildPhases = (
				0950FE126E7C1FC308F42F1F /* [CP] Check Pods Manifest.lock */,
				F42FBFC325ADAACD00106681 /* Sources */,
				F42FBFC425ADAACD00106681 /* Frameworks */,
				F42FBFC525ADAACD00106681 /* Resources */,
				78EF53E1B6A53A98768BB060 /* [CP] Embed Pods Frameworks */,
			);
			buildRules = (
			);
			dependencies = (
			);
			name = IznajmiKniga;
			productName = IznajmiKniga;
			productReference = F42FBFC725ADAACE00106681 /* IznajmiKniga.app */;
			productType = "com.apple.product-type.application";
		};
/* End PBXNativeTarget section */

/* Begin PBXProject section */
		F42FBFBF25ADAACD00106681 /* Project object */ = {
			isa = PBXProject;
			attributes = {
				LastSwiftUpdateCheck = 1010;
				LastUpgradeCheck = 1010;
				ORGANIZATIONNAME = simona;
				TargetAttributes = {
					F42FBFC625ADAACD00106681 = {
						CreatedOnToolsVersion = 10.1;
					};
				};
			};
			buildConfigurationList = F42FBFC225ADAACD00106681 /* Build configuration list for PBXProject "IznajmiKniga" */;
			compatibilityVersion = "Xcode 9.3";
			developmentRegion = en;
			hasScannedForEncodings = 0;
			knownRegions = (
				en,
				Base,
			);
			mainGroup = F42FBFBE25ADAACC00106681;
			productRefGroup = F42FBFC825ADAACE00106681 /* Products */;
			projectDirPath = "";
			projectRoot = "";
			targets = (
				F42FBFC625ADAACD00106681 /* IznajmiKniga */,
			);
		};
/* End PBXProject section */

/* Begin PBXResourcesBuildPhase section */
		F42FBFC525ADAACD00106681 /* Resources */ = {
			isa = PBXResourcesBuildPhase;
			buildActionMask = 2147483647;
			files = (
				F42FBFD525ADAADE00106681 /* LaunchScreen.storyboard in Resources */,
				F42FBFD225ADAADE00106681 /* Assets.xcassets in Resources */,
				F42FBFD025ADAACE00106681 /* Main.storyboard in Resources */,
			);
			runOnlyForDeploymentPostprocessing = 0;
		};
/* End PBXResourcesBuildPhase section */

/* Begin PBXShellScriptBuildPhase section */
		0950FE126E7C1FC308F42F1F /* [CP] Check Pods Manifest.lock */ = {
			isa = PBXShellScriptBuildPhase;
			buildActionMask = 2147483647;
			files = (
			);
			inputFileListPaths = (
			);
			inputPaths = (
				"${PODS_PODFILE_DIR_PATH}/Podfile.lock",
				"${PODS_ROOT}/Manifest.lock",
			);
			name = "[CP] Check Pods Manifest.lock";
			outputFileListPaths = (
			);
			outputPaths = (
				"$(DERIVED_FILE_DIR)/Pods-IznajmiKniga-checkManifestLockResult.txt",
			);
			runOnlyForDeploymentPostprocessing = 0;
			shellPath = /bin/sh;
			shellScript = "diff \"${PODS_PODFILE_DIR_PATH}/Podfile.lock\" \"${PODS_ROOT}/Manifest.lock\" > /dev/null\nif [ $? != 0 ] ; then\n    # print error to STDERR\n    echo \"error: The sandbox is not in sync with the Podfile.lock. Run 'pod install' or update your CocoaPods installation.\" >&2\n    exit 1\nfi\n# This output is used by Xcode 'outputs' to avoid re-running this script phase.\necho \"SUCCESS\" > \"${SCRIPT_OUTPUT_FILE_0}\"\n";
			showEnvVarsInLog = 0;
		};
		78EF53E1B6A53A98768BB060 /* [CP] Embed Pods Frameworks */ = {
			isa = PBXShellScriptBuildPhase;
			buildActionMask = 2147483647;
			files = (
			);
			inputFileListPaths = (
				"${PODS_ROOT}/Target Support Files/Pods-IznajmiKniga/Pods-IznajmiKniga-frameworks-${CONFIGURATION}-input-files.xcfilelist",
			);
			name = "[CP] Embed Pods Frameworks";
			outputFileListPaths = (
				"${PODS_ROOT}/Target Support Files/Pods-IznajmiKniga/Pods-IznajmiKniga-frameworks-${CONFIGURATION}-output-files.xcfilelist",
			);
			runOnlyForDeploymentPostprocessing = 0;
			shellPath = /bin/sh;
			shellScript = "\"${PODS_ROOT}/Target Support Files/Pods-IznajmiKniga/Pods-IznajmiKniga-frameworks.sh\"\n";
			showEnvVarsInLog = 0;
		};
/* End PBXShellScriptBuildPhase section */

/* Begin PBXSourcesBuildPhase section */
		F42FBFC325ADAACD00106681 /* Sources */ = {
			isa = PBXSourcesBuildPhase;
			buildActionMask = 2147483647;
			files = (
				F4129F8D25B3044E00A11189 /* DodadiKnigaViewController.swift in Sources */,
				F4129F8725B1AF9800A11189 /* KnigiCollectionViewController.swift in Sources */,
				F4129F8F25B30E9000A11189 /* DetaliZaIznajmuvanjeViewController.swift in Sources */,
				F42FBFCD25ADAACE00106681 /* ViewController.swift in Sources */,
				F4129F9125B5A36100A11189 /* ListaNasloviTableViewController.swift in Sources */,
				F42FBFE725B05C0200106681 /* IznajmuvanjaBibliotekarTableViewController.swift in Sources */,
				F4129F8B25B1B82B00A11189 /* DetaliZaKnigaViewController.swift in Sources */,
				F42FBFCB25ADAACE00106681 /* AppDelegate.swift in Sources */,
				F4129F8925B1B4BC00A11189 /* IznajmuvanjaCitatelTableViewController.swift in Sources */,
				F42FBFE925B05C8F00106681 /* ProfilCitatelViewController.swift in Sources */,
				F4129F9325B6EDEA00A11189 /* KnigaCollectionViewCell.swift in Sources */,
			);
			runOnlyForDeploymentPostprocessing = 0;
		};
/* End PBXSourcesBuildPhase section */

/* Begin PBXVariantGroup section */
		F42FBFCE25ADAACE00106681 /* Main.storyboard */ = {
			isa = PBXVariantGroup;
			children = (
				F42FBFCF25ADAACE00106681 /* Base */,
			);
			name = Main.storyboard;
			sourceTree = "<group>";
		};
		F42FBFD325ADAADE00106681 /* LaunchScreen.storyboard */ = {
			isa = PBXVariantGroup;
			children = (
				F42FBFD425ADAADE00106681 /* Base */,
			);
			name = LaunchScreen.storyboard;
			sourceTree = "<group>";
		};
/* End PBXVariantGroup section */

/* Begin XCBuildConfiguration section */
		F42FBFD725ADAADF00106681 /* Debug */ = {
			isa = XCBuildConfiguration;
			buildSettings = {
				ALWAYS_SEARCH_USER_PATHS = NO;
				CLANG_ANALYZER_NONNULL = YES;
				CLANG_ANALYZER_NUMBER_OBJECT_CONVERSION = YES_AGGRESSIVE;
				CLANG_CXX_LANGUAGE_STANDARD = "gnu++14";
				CLANG_CXX_LIBRARY = "libc++";
				CLANG_ENABLE_MODULES = YES;
				CLANG_ENABLE_OBJC_ARC = YES;
				CLANG_ENABLE_OBJC_WEAK = YES;
				CLANG_WARN_BLOCK_CAPTURE_AUTORELEASING = YES;
				CLANG_WARN_BOOL_CONVERSION = YES;
				CLANG_WARN_COMMA = YES;
				CLANG_WARN_CONSTANT_CONVERSION = YES;
				CLANG_WARN_DEPRECATED_OBJC_IMPLEMENTATIONS = YES;
				CLANG_WARN_DIRECT_OBJC_ISA_USAGE = YES_ERROR;
				CLANG_WARN_DOCUMENTATION_COMMENTS = YES;
				CLANG_WARN_EMPTY_BODY = YES;
				CLANG_WARN_ENUM_CONVERSION = YES;
				CLANG_WARN_INFINITE_RECURSION = YES;
				CLANG_WARN_INT_CONVERSION = YES;
				CLANG_WARN_NON_LITERAL_NULL_CONVERSION = YES;
				CLANG_WARN_OBJC_IMPLICIT_RETAIN_SELF = YES;
				CLANG_WARN_OBJC_LITERAL_CONVERSION = YES;
				CLANG_WARN_OBJC_ROOT_CLASS = YES_ERROR;
				CLANG_WARN_RANGE_LOOP_ANALYSIS = YES;
				CLANG_WARN_STRICT_PROTOTYPES = YES;
				CLANG_WARN_SUSPICIOUS_MOVE = YES;
				CLANG_WARN_UNGUARDED_AVAILABILITY = YES_AGGRESSIVE;
				CLANG_WARN_UNREACHABLE_CODE = YES;
				CLANG_WARN__DUPLICATE_METHOD_MATCH = YES;
				CODE_SIGN_IDENTITY = "iPhone Developer";
				COPY_PHASE_STRIP = NO;
				DEBUG_INFORMATION_FORMAT = dwarf;
				ENABLE_STRICT_OBJC_MSGSEND = YES;
				ENABLE_TESTABILITY = YES;
				GCC_C_LANGUAGE_STANDARD = gnu11;
				GCC_DYNAMIC_NO_PIC = NO;
				GCC_NO_COMMON_BLOCKS = YES;
				GCC_OPTIMIZATION_LEVEL = 0;
				GCC_PREPROCESSOR_DEFINITIONS = (
					"DEBUG=1",
					"$(inherited)",
				);
				GCC_WARN_64_TO_32_BIT_CONVERSION = YES;
				GCC_WARN_ABOUT_RETURN_TYPE = YES_ERROR;
				GCC_WARN_UNDECLARED_SELECTOR = YES;
				GCC_WARN_UNINITIALIZED_AUTOS = YES_AGGRESSIVE;
				GCC_WARN_UNUSED_FUNCTION = YES;
				GCC_WARN_UNUSED_VARIABLE = YES;
				IPHONEOS_DEPLOYMENT_TARGET = 12.1;
				MTL_ENABLE_DEBUG_INFO = INCLUDE_SOURCE;
				MTL_FAST_MATH = YES;
				ONLY_ACTIVE_ARCH = YES;
				SDKROOT = iphoneos;
				SWIFT_ACTIVE_COMPILATION_CONDITIONS = DEBUG;
				SWIFT_OPTIMIZATION_LEVEL = "-Onone";
			};
			name = Debug;
		};
		F42FBFD825ADAADF00106681 /* Release */ = {
			isa = XCBuildConfiguration;
			buildSettings = {
				ALWAYS_SEARCH_USER_PATHS = NO;
				CLANG_ANALYZER_NONNULL = YES;
				CLANG_ANALYZER_NUMBER_OBJECT_CONVERSION = YES_AGGRESSIVE;
				CLANG_CXX_LANGUAGE_STANDARD = "gnu++14";
				CLANG_CXX_LIBRARY = "libc++";
				CLANG_ENABLE_MODULES = YES;
				CLANG_ENABLE_OBJC_ARC = YES;
				CLANG_ENABLE_OBJC_WEAK = YES;
				CLANG_WARN_BLOCK_CAPTURE_AUTORELEASING = YES;
				CLANG_WARN_BOOL_CONVERSION = YES;
				CLANG_WARN_COMMA = YES;
				CLANG_WARN_CONSTANT_CONVERSION = YES;
				CLANG_WARN_DEPRECATED_OBJC_IMPLEMENTATIONS = YES;
				CLANG_WARN_DIRECT_OBJC_ISA_USAGE = YES_ERROR;
				CLANG_WARN_DOCUMENTATION_COMMENTS = YES;
				CLANG_WARN_EMPTY_BODY = YES;
				CLANG_WARN_ENUM_CONVERSION = YES;
				CLANG_WARN_INFINITE_RECURSION = YES;
				CLANG_WARN_INT_CONVERSION = YES;
				CLANG_WARN_NON_LITERAL_NULL_CONVERSION = YES;
				CLANG_WARN_OBJC_IMPLICIT_RETAIN_SELF = YES;
				CLANG_WARN_OBJC_LITERAL_CONVERSION = YES;
				CLANG_WARN_OBJC_ROOT_CLASS = YES_ERROR;
				CLANG_WARN_RANGE_LOOP_ANALYSIS = YES;
				CLANG_WARN_STRICT_PROTOTYPES = YES;
				CLANG_WARN_SUSPICIOUS_MOVE = YES;
				CLANG_WARN_UNGUARDED_AVAILABILITY = YES_AGGRESSIVE;
				CLANG_WARN_UNREACHABLE_CODE = YES;
				CLANG_WARN__DUPLICATE_METHOD_MATCH = YES;
				CODE_SIGN_IDENTITY = "iPhone Developer";
				COPY_PHASE_STRIP = NO;
				DEBUG_INFORMATION_FORMAT = "dwarf-with-dsym";
				ENABLE_NS_ASSERTIONS = NO;
				ENABLE_STRICT_OBJC_MSGSEND = YES;
				GCC_C_LANGUAGE_STANDARD = gnu11;
				GCC_NO_COMMON_BLOCKS = YES;
				GCC_WARN_64_TO_32_BIT_CONVERSION = YES;
				GCC_WARN_ABOUT_RETURN_TYPE = YES_ERROR;
				GCC_WARN_UNDECLARED_SELECTOR = YES;
				GCC_WARN_UNINITIALIZED_AUTOS = YES_AGGRESSIVE;
				GCC_WARN_UNUSED_FUNCTION = YES;
				GCC_WARN_UNUSED_VARIABLE = YES;
				IPHONEOS_DEPLOYMENT_TARGET = 12.1;
				MTL_ENABLE_DEBUG_INFO = NO;
				MTL_FAST_MATH = YES;
				SDKROOT = iphoneos;
				SWIFT_COMPILATION_MODE = wholemodule;
				SWIFT_OPTIMIZATION_LEVEL = "-O";
				VALIDATE_PRODUCT = YES;
			};
			name = Release;
		};
		F42FBFDA25ADAADF00106681 /* Debug */ = {
			isa = XCBuildConfiguration;
			baseConfigurationReference = D806D7D2CC11B32F57C8839B /* Pods-IznajmiKniga.debug.xcconfig */;
			buildSettings = {
				ASSETCATALOG_COMPILER_APPICON_NAME = AppIcon;
				CODE_SIGN_STYLE = Automatic;
				INFOPLIST_FILE = IznajmiKniga/Info.plist;
				LD_RUNPATH_SEARCH_PATHS = (
					"$(inherited)",
					"@executable_path/Frameworks",
				);
				PRODUCT_BUNDLE_IDENTIFIER = amu.IznajmiKniga;
				PRODUCT_NAME = "$(TARGET_NAME)";
				SWIFT_VERSION = 4.2;
				TARGETED_DEVICE_FAMILY = "1,2";
			};
			name = Debug;
		};
		F42FBFDB25ADAADF00106681 /* Release */ = {
			isa = XCBuildConfiguration;
			baseConfigurationReference = 8CA3C676B2406372CD69A197 /* Pods-IznajmiKniga.release.xcconfig */;
			buildSettings = {
				ASSETCATALOG_COMPILER_APPICON_NAME = AppIcon;
				CODE_SIGN_STYLE = Automatic;
				INFOPLIST_FILE = IznajmiKniga/Info.plist;
				LD_RUNPATH_SEARCH_PATHS = (
					"$(inherited)",
					"@executable_path/Frameworks",
				);
				PRODUCT_BUNDLE_IDENTIFIER = amu.IznajmiKniga;
				PRODUCT_NAME = "$(TARGET_NAME)";
				SWIFT_VERSION = 4.2;
				TARGETED_DEVICE_FAMILY = "1,2";
			};
			name = Release;
		};
/* End XCBuildConfiguration section */

/* Begin XCConfigurationList section */
		F42FBFC225ADAACD00106681 /* Build configuration list for PBXProject "IznajmiKniga" */ = {
			isa = XCConfigurationList;
			buildConfigurations = (
				F42FBFD725ADAADF00106681 /* Debug */,
				F42FBFD825ADAADF00106681 /* Release */,
			);
			defaultConfigurationIsVisible = 0;
			defaultConfigurationName = Release;
		};
		F42FBFD925ADAADF00106681 /* Build configuration list for PBXNativeTarget "IznajmiKniga" */ = {
			isa = XCConfigurationList;
			buildConfigurations = (
				F42FBFDA25ADAADF00106681 /* Debug */,
				F42FBFDB25ADAADF00106681 /* Release */,
			);
			defaultConfigurationIsVisible = 0;
			defaultConfigurationName = Release;
		};
/* End XCConfigurationList section */
	};
	rootObject = F42FBFBF25ADAACD00106681 /* Project object */;
}
